// !$*UTF8*$!
{
	archiveVersion = 1;
	classes = {
	};
	objectVersion = 56;
	objects = {

/* Begin PBXBuildFile section */
		BE4E13E42A1F1488005E2986 /* MapView.swift in Sources */ = {isa = PBXBuildFile; fileRef = BE4E13E32A1F1488005E2986 /* MapView.swift */; };
		BE9F5C5629F9C3BB00E57EDE /* demoskratosApp.swift in Sources */ = {isa = PBXBuildFile; fileRef = BE9F5C5529F9C3BB00E57EDE /* demoskratosApp.swift */; };
		BE9F5C5829F9C3BB00E57EDE /* ContentView.swift in Sources */ = {isa = PBXBuildFile; fileRef = BE9F5C5729F9C3BB00E57EDE /* ContentView.swift */; };
		BE9F5C5A29F9C3BD00E57EDE /* Assets.xcassets in Resources */ = {isa = PBXBuildFile; fileRef = BE9F5C5929F9C3BD00E57EDE /* Assets.xcassets */; };
		BE9F5C5D29F9C3BD00E57EDE /* Preview Assets.xcassets in Resources */ = {isa = PBXBuildFile; fileRef = BE9F5C5C29F9C3BD00E57EDE /* Preview Assets.xcassets */; };
		BEC974252A0F1A0B00BFE62C /* FeedRow.swift in Sources */ = {isa = PBXBuildFile; fileRef = BEC974242A0F1A0B00BFE62C /* FeedRow.swift */; };
		BEC974292A0FFA5700BFE62C /* Feed.swift in Sources */ = {isa = PBXBuildFile; fileRef = BEC974282A0FFA5700BFE62C /* Feed.swift */; };
		BEC9742B2A101F7300BFE62C /* FeedRowButtons.swift in Sources */ = {isa = PBXBuildFile; fileRef = BEC9742A2A101F7300BFE62C /* FeedRowButtons.swift */; };
		BEC9742E2A1AB4A900BFE62C /* map.json in Resources */ = {isa = PBXBuildFile; fileRef = BEC9742D2A1AB4A900BFE62C /* map.json */; };
/* End PBXBuildFile section */

/* Begin PBXFileReference section */
		BE4E13E32A1F1488005E2986 /* MapView.swift */ = {isa = PBXFileReference; lastKnownFileType = sourcecode.swift; path = MapView.swift; sourceTree = "<group>"; };
		BE9F5C5229F9C3BB00E57EDE /* demoskratos.app */ = {isa = PBXFileReference; explicitFileType = wrapper.application; includeInIndex = 0; path = demoskratos.app; sourceTree = BUILT_PRODUCTS_DIR; };
		BE9F5C5529F9C3BB00E57EDE /* demoskratosApp.swift */ = {isa = PBXFileReference; lastKnownFileType = sourcecode.swift; path = demoskratosApp.swift; sourceTree = "<group>"; };
		BE9F5C5729F9C3BB00E57EDE /* ContentView.swift */ = {isa = PBXFileReference; lastKnownFileType = sourcecode.swift; path = ContentView.swift; sourceTree = "<group>"; };
		BE9F5C5929F9C3BD00E57EDE /* Assets.xcassets */ = {isa = PBXFileReference; lastKnownFileType = folder.assetcatalog; path = Assets.xcassets; sourceTree = "<group>"; };
		BE9F5C5C29F9C3BD00E57EDE /* Preview Assets.xcassets */ = {isa = PBXFileReference; lastKnownFileType = folder.assetcatalog; path = "Preview Assets.xcassets"; sourceTree = "<group>"; };
		BEC974242A0F1A0B00BFE62C /* FeedRow.swift */ = {isa = PBXFileReference; lastKnownFileType = sourcecode.swift; path = FeedRow.swift; sourceTree = "<group>"; };
		BEC974282A0FFA5700BFE62C /* Feed.swift */ = {isa = PBXFileReference; lastKnownFileType = sourcecode.swift; path = Feed.swift; sourceTree = "<group>"; };
		BEC9742A2A101F7300BFE62C /* FeedRowButtons.swift */ = {isa = PBXFileReference; lastKnownFileType = sourcecode.swift; path = FeedRowButtons.swift; sourceTree = "<group>"; };
		BEC9742D2A1AB4A900BFE62C /* map.json */ = {isa = PBXFileReference; lastKnownFileType = text.json; path = map.json; sourceTree = "<group>"; };
/* End PBXFileReference section */

/* Begin PBXFrameworksBuildPhase section */
		BE9F5C4F29F9C3BB00E57EDE /* Frameworks */ = {
			isa = PBXFrameworksBuildPhase;
			buildActionMask = 2147483647;
			files = (
			);
			runOnlyForDeploymentPostprocessing = 0;
		};
/* End PBXFrameworksBuildPhase section */

/* Begin PBXGroup section */
		BE9F5C4929F9C3BB00E57EDE = {
			isa = PBXGroup;
			children = (
				BE9F5C5429F9C3BB00E57EDE /* demoskratos */,
				BE9F5C5329F9C3BB00E57EDE /* Products */,
			);
			sourceTree = "<group>";
		};
		BE9F5C5329F9C3BB00E57EDE /* Products */ = {
			isa = PBXGroup;
			children = (
				BE9F5C5229F9C3BB00E57EDE /* demoskratos.app */,
			);
			name = Products;
			sourceTree = "<group>";
		};
		BE9F5C5429F9C3BB00E57EDE /* demoskratos */ = {
			isa = PBXGroup;
			children = (
				BE9F5C5529F9C3BB00E57EDE /* demoskratosApp.swift */,
				BEC974262A0FF96F00BFE62C /* Views */,
				BEC974322A1AE1D800BFE62C /* Model */,
				BEC9742C2A1AB44500BFE62C /* Resources */,
				BE9F5C5929F9C3BD00E57EDE /* Assets.xcassets */,
				BE9F5C5B29F9C3BD00E57EDE /* Preview Content */,
			);
			path = demoskratos;
			sourceTree = "<group>";
		};
		BE9F5C5B29F9C3BD00E57EDE /* Preview Content */ = {
			isa = PBXGroup;
			children = (
				BE9F5C5C29F9C3BD00E57EDE /* Preview Assets.xcassets */,
			);
			path = "Preview Content";
			sourceTree = "<group>";
		};
		BEC974262A0FF96F00BFE62C /* Views */ = {
			isa = PBXGroup;
			children = (
				BE9F5C5729F9C3BB00E57EDE /* ContentView.swift */,
				BEC974272A0FF9A600BFE62C /* Feed */,
				BEC9742F2A1ADF7900BFE62C /* Helpers */,
			);
			path = Views;
			sourceTree = "<group>";
		};
		BEC974272A0FF9A600BFE62C /* Feed */ = {
			isa = PBXGroup;
			children = (
				BEC974282A0FFA5700BFE62C /* Feed.swift */,
				BEC974242A0F1A0B00BFE62C /* FeedRow.swift */,
				BEC9742A2A101F7300BFE62C /* FeedRowButtons.swift */,
			);
			path = Feed;
			sourceTree = "<group>";
		};
		BEC9742C2A1AB44500BFE62C /* Resources */ = {
			isa = PBXGroup;
			children = (
				BEC9742D2A1AB4A900BFE62C /* map.json */,
			);
			path = Resources;
			sourceTree = "<group>";
		};
		BEC9742F2A1ADF7900BFE62C /* Helpers */ = {
			isa = PBXGroup;
			children = (
				BE4E13E32A1F1488005E2986 /* MapView.swift */,
			);
			path = Helpers;
			sourceTree = "<group>";
		};
		BEC974322A1AE1D800BFE62C /* Model */ = {
			isa = PBXGroup;
			children = (
			);
			path = Model;
			sourceTree = "<group>";
		};
/* End PBXGroup section */

/* Begin PBXNativeTarget section */
		BE9F5C5129F9C3BB00E57EDE /* demoskratos */ = {
			isa = PBXNativeTarget;
			buildConfigurationList = BE9F5C6029F9C3BD00E57EDE /* Build configuration list for PBXNativeTarget "demoskratos" */;
			buildPhases = (
				BE9F5C4E29F9C3BB00E57EDE /* Sources */,
				BE9F5C4F29F9C3BB00E57EDE /* Frameworks */,
				BE9F5C5029F9C3BB00E57EDE /* Resources */,
			);
			buildRules = (
			);
			dependencies = (
			);
			name = demoskratos;
			productName = demoskratos;
			productReference = BE9F5C5229F9C3BB00E57EDE /* demoskratos.app */;
			productType = "com.apple.product-type.application";
		};
/* End PBXNativeTarget section */

/* Begin PBXProject section */
		BE9F5C4A29F9C3BB00E57EDE /* Project object */ = {
			isa = PBXProject;
			attributes = {
				BuildIndependentTargetsInParallel = 1;
				LastSwiftUpdateCheck = 1430;
				LastUpgradeCheck = 1430;
				TargetAttributes = {
					BE9F5C5129F9C3BB00E57EDE = {
						CreatedOnToolsVersion = 14.3;
					};
				};
			};
			buildConfigurationList = BE9F5C4D29F9C3BB00E57EDE /* Build configuration list for PBXProject "demoskratos" */;
			compatibilityVersion = "Xcode 14.0";
			developmentRegion = en;
			hasScannedForEncodings = 0;
			knownRegions = (
				en,
				Base,
			);
			mainGroup = BE9F5C4929F9C3BB00E57EDE;
			productRefGroup = BE9F5C5329F9C3BB00E57EDE /* Products */;
			projectDirPath = "";
			projectRoot = "";
			targets = (
				BE9F5C5129F9C3BB00E57EDE /* demoskratos */,
			);
		};
/* End PBXProject section */

/* Begin PBXResourcesBuildPhase section */
		BE9F5C5029F9C3BB00E57EDE /* Resources */ = {
			isa = PBXResourcesBuildPhase;
			buildActionMask = 2147483647;
			files = (
				BE9F5C5D29F9C3BD00E57EDE /* Preview Assets.xcassets in Resources */,
				BE9F5C5A29F9C3BD00E57EDE /* Assets.xcassets in Resources */,
				BEC9742E2A1AB4A900BFE62C /* map.json in Resources */,
			);
			runOnlyForDeploymentPostprocessing = 0;
		};
/* End PBXResourcesBuildPhase section */

/* Begin PBXSourcesBuildPhase section */
		BE9F5C4E29F9C3BB00E57EDE /* Sources */ = {
			isa = PBXSourcesBuildPhase;
			buildActionMask = 2147483647;
			files = (
				BE9F5C5829F9C3BB00E57EDE /* ContentView.swift in Sources */,
				BE4E13E42A1F1488005E2986 /* MapView.swift in Sources */,
				BEC974292A0FFA5700BFE62C /* Feed.swift in Sources */,
				BE9F5C5629F9C3BB00E57EDE /* demoskratosApp.swift in Sources */,
				BEC974252A0F1A0B00BFE62C /* FeedRow.swift in Sources */,
				BEC9742B2A101F7300BFE62C /* FeedRowButtons.swift in Sources */,
			);
			runOnlyForDeploymentPostprocessing = 0;
		};
/* End PBXSourcesBuildPhase section */

/* Begin XCBuildConfiguration section */
		BE9F5C5E29F9C3BD00E57EDE /* Debug */ = {
			isa = XCBuildConfiguration;
			buildSettings = {
				ALWAYS_SEARCH_USER_PATHS = NO;
				CLANG_ANALYZER_NONNULL = YES;
				CLANG_ANALYZER_NUMBER_OBJECT_CONVERSION = YES_AGGRESSIVE;
				CLANG_CXX_LANGUAGE_STANDARD = "gnu++20";
				CLANG_ENABLE_MODULES = YES;
				CLANG_ENABLE_OBJC_ARC = YES;
				CLANG_ENABLE_OBJC_WEAK = YES;
				CLANG_WARN_BLOCK_CAPTURE_AUTORELEASING = YES;
				CLANG_WARN_BOOL_CONVERSION = YES;
				CLANG_WARN_COMMA = YES;
				CLANG_WARN_CONSTANT_CONVERSION = YES;
				CLANG_WARN_DEPRECATED_OBJC_IMPLEMENTATIONS = YES;
				CLANG_WARN_DIRECT_OBJC_ISA_USAGE = YES_ERROR;
				CLANG_WARN_DOCUMENTATION_COMMENTS = YES;
				CLANG_WARN_EMPTY_BODY = YES;
				CLANG_WARN_ENUM_CONVERSION = YES;
				CLANG_WARN_INFINITE_RECURSION = YES;
				CLANG_WARN_INT_CONVERSION = YES;
				CLANG_WARN_NON_LITERAL_NULL_CONVERSION = YES;
				CLANG_WARN_OBJC_IMPLICIT_RETAIN_SELF = YES;
				CLANG_WARN_OBJC_LITERAL_CONVERSION = YES;
				CLANG_WARN_OBJC_ROOT_CLASS = YES_ERROR;
				CLANG_WARN_QUOTED_INCLUDE_IN_FRAMEWORK_HEADER = YES;
				CLANG_WARN_RANGE_LOOP_ANALYSIS = YES;
				CLANG_WARN_STRICT_PROTOTYPES = YES;
				CLANG_WARN_SUSPICIOUS_MOVE = YES;
				CLANG_WARN_UNGUARDED_AVAILABILITY = YES_AGGRESSIVE;
				CLANG_WARN_UNREACHABLE_CODE = YES;
				CLANG_WARN__DUPLICATE_METHOD_MATCH = YES;
				COPY_PHASE_STRIP = NO;
				DEBUG_INFORMATION_FORMAT = dwarf;
				ENABLE_STRICT_OBJC_MSGSEND = YES;
				ENABLE_TESTABILITY = YES;
				GCC_C_LANGUAGE_STANDARD = gnu11;
				GCC_DYNAMIC_NO_PIC = NO;
				GCC_NO_COMMON_BLOCKS = YES;
				GCC_OPTIMIZATION_LEVEL = 0;
				GCC_PREPROCESSOR_DEFINITIONS = (
					"DEBUG=1",
					"$(inherited)",
				);
				GCC_WARN_64_TO_32_BIT_CONVERSION = YES;
				GCC_WARN_ABOUT_RETURN_TYPE = YES_ERROR;
				GCC_WARN_UNDECLARED_SELECTOR = YES;
				GCC_WARN_UNINITIALIZED_AUTOS = YES_AGGRESSIVE;
				GCC_WARN_UNUSED_FUNCTION = YES;
				GCC_WARN_UNUSED_VARIABLE = YES;
				IPHONEOS_DEPLOYMENT_TARGET = 16.4;
				MTL_ENABLE_DEBUG_INFO = INCLUDE_SOURCE;
				MTL_FAST_MATH = YES;
				ONLY_ACTIVE_ARCH = YES;
				SDKROOT = iphoneos;
				SWIFT_ACTIVE_COMPILATION_CONDITIONS = DEBUG;
				SWIFT_OPTIMIZATION_LEVEL = "-Onone";
			};
			name = Debug;
		};
		BE9F5C5F29F9C3BD00E57EDE /* Release */ = {
			isa = XCBuildConfiguration;
			buildSettings = {
				ALWAYS_SEARCH_USER_PATHS = NO;
				CLANG_ANALYZER_NONNULL = YES;
				CLANG_ANALYZER_NUMBER_OBJECT_CONVERSION = YES_AGGRESSIVE;
				CLANG_CXX_LANGUAGE_STANDARD = "gnu++20";
				CLANG_ENABLE_MODULES = YES;
				CLANG_ENABLE_OBJC_ARC = YES;
				CLANG_ENABLE_OBJC_WEAK = YES;
				CLANG_WARN_BLOCK_CAPTURE_AUTORELEASING = YES;
				CLANG_WARN_BOOL_CONVERSION = YES;
				CLANG_WARN_COMMA = YES;
				CLANG_WARN_CONSTANT_CONVERSION = YES;
				CLANG_WARN_DEPRECATED_OBJC_IMPLEMENTATIONS = YES;
				CLANG_WARN_DIRECT_OBJC_ISA_USAGE = YES_ERROR;
				CLANG_WARN_DOCUMENTATION_COMMENTS = YES;
				CLANG_WARN_EMPTY_BODY = YES;
				CLANG_WARN_ENUM_CONVERSION = YES;
				CLANG_WARN_INFINITE_RECURSION = YES;
				CLANG_WARN_INT_CONVERSION = YES;
				CLANG_WARN_NON_LITERAL_NULL_CONVERSION = YES;
				CLANG_WARN_OBJC_IMPLICIT_RETAIN_SELF = YES;
				CLANG_WARN_OBJC_LITERAL_CONVERSION = YES;
				CLANG_WARN_OBJC_ROOT_CLASS = YES_ERROR;
				CLANG_WARN_QUOTED_INCLUDE_IN_FRAMEWORK_HEADER = YES;
				CLANG_WARN_RANGE_LOOP_ANALYSIS = YES;
				CLANG_WARN_STRICT_PROTOTYPES = YES;
				CLANG_WARN_SUSPICIOUS_MOVE = YES;
				CLANG_WARN_UNGUARDED_AVAILABILITY = YES_AGGRESSIVE;
				CLANG_WARN_UNREACHABLE_CODE = YES;
				CLANG_WARN__DUPLICATE_METHOD_MATCH = YES;
				COPY_PHASE_STRIP = NO;
				DEBUG_INFORMATION_FORMAT = "dwarf-with-dsym";
				ENABLE_NS_ASSERTIONS = NO;
				ENABLE_STRICT_OBJC_MSGSEND = YES;
				GCC_C_LANGUAGE_STANDARD = gnu11;
				GCC_NO_COMMON_BLOCKS = YES;
				GCC_WARN_64_TO_32_BIT_CONVERSION = YES;
				GCC_WARN_ABOUT_RETURN_TYPE = YES_ERROR;
				GCC_WARN_UNDECLARED_SELECTOR = YES;
				GCC_WARN_UNINITIALIZED_AUTOS = YES_AGGRESSIVE;
				GCC_WARN_UNUSED_FUNCTION = YES;
				GCC_WARN_UNUSED_VARIABLE = YES;
				IPHONEOS_DEPLOYMENT_TARGET = 16.4;
				MTL_ENABLE_DEBUG_INFO = NO;
				MTL_FAST_MATH = YES;
				SDKROOT = iphoneos;
				SWIFT_COMPILATION_MODE = wholemodule;
				SWIFT_OPTIMIZATION_LEVEL = "-O";
				VALIDATE_PRODUCT = YES;
			};
			name = Release;
		};
		BE9F5C6129F9C3BD00E57EDE /* Debug */ = {
			isa = XCBuildConfiguration;
			buildSettings = {
				ASSETCATALOG_COMPILER_APPICON_NAME = AppIcon;
				ASSETCATALOG_COMPILER_GLOBAL_ACCENT_COLOR_NAME = AccentColor;
				CODE_SIGN_STYLE = Automatic;
				CURRENT_PROJECT_VERSION = 1;
				DEVELOPMENT_ASSET_PATHS = "\"demoskratos/Preview Content\"";
				DEVELOPMENT_TEAM = 324Y82FCZ3;
				ENABLE_PREVIEWS = YES;
				GENERATE_INFOPLIST_FILE = YES;
				INFOPLIST_KEY_UIApplicationSceneManifest_Generation = YES;
				INFOPLIST_KEY_UIApplicationSupportsIndirectInputEvents = YES;
				INFOPLIST_KEY_UILaunchScreen_Generation = YES;
				INFOPLIST_KEY_UISupportedInterfaceOrientations_iPad = "UIInterfaceOrientationPortrait UIInterfaceOrientationPortraitUpsideDown UIInterfaceOrientationLandscapeLeft UIInterfaceOrientationLandscapeRight";
				INFOPLIST_KEY_UISupportedInterfaceOrientations_iPhone = "UIInterfaceOrientationPortrait UIInterfaceOrientationLandscapeLeft UIInterfaceOrientationLandscapeRight";
				LD_RUNPATH_SEARCH_PATHS = (
					"$(inherited)",
					"@executable_path/Frameworks",
				);
				MARKETING_VERSION = 1.0;
				PRODUCT_BUNDLE_IDENTIFIER = com.josegarcia.demoskratos;
				PRODUCT_NAME = "$(TARGET_NAME)";
				SWIFT_EMIT_LOC_STRINGS = YES;
				SWIFT_VERSION = 5.0;
				TARGETED_DEVICE_FAMILY = "1,2";
			};
			name = Debug;
		};
		BE9F5C6229F9C3BD00E57EDE /* Release */ = {
			isa = XCBuildConfiguration;
			buildSettings = {
				ASSETCATALOG_COMPILER_APPICON_NAME = AppIcon;
				ASSETCATALOG_COMPILER_GLOBAL_ACCENT_COLOR_NAME = AccentColor;
				CODE_SIGN_STYLE = Automatic;
				CURRENT_PROJECT_VERSION = 1;
				DEVELOPMENT_ASSET_PATHS = "\"demoskratos/Preview Content\"";
				DEVELOPMENT_TEAM = 324Y82FCZ3;
				ENABLE_PREVIEWS = YES;
				GENERATE_INFOPLIST_FILE = YES;
				INFOPLIST_KEY_UIApplicationSceneManifest_Generation = YES;
				INFOPLIST_KEY_UIApplicationSupportsIndirectInputEvents = YES;
				INFOPLIST_KEY_UILaunchScreen_Generation = YES;
				INFOPLIST_KEY_UISupportedInterfaceOrientations_iPad = "UIInterfaceOrientationPortrait UIInterfaceOrientationPortraitUpsideDown UIInterfaceOrientationLandscapeLeft UIInterfaceOrientationLandscapeRight";
				INFOPLIST_KEY_UISupportedInterfaceOrientations_iPhone = "UIInterfaceOrientationPortrait UIInterfaceOrientationLandscapeLeft UIInterfaceOrientationLandscapeRight";
				LD_RUNPATH_SEARCH_PATHS = (
					"$(inherited)",
					"@executable_path/Frameworks",
				);
				MARKETING_VERSION = 1.0;
				PRODUCT_BUNDLE_IDENTIFIER = com.josegarcia.demoskratos;
				PRODUCT_NAME = "$(TARGET_NAME)";
				SWIFT_EMIT_LOC_STRINGS = YES;
				SWIFT_VERSION = 5.0;
				TARGETED_DEVICE_FAMILY = "1,2";
			};
			name = Release;
		};
/* End XCBuildConfiguration section */

/* Begin XCConfigurationList section */
		BE9F5C4D29F9C3BB00E57EDE /* Build configuration list for PBXProject "demoskratos" */ = {
			isa = XCConfigurationList;
			buildConfigurations = (
				BE9F5C5E29F9C3BD00E57EDE /* Debug */,
				BE9F5C5F29F9C3BD00E57EDE /* Release */,
			);
			defaultConfigurationIsVisible = 0;
			defaultConfigurationName = Release;
		};
		BE9F5C6029F9C3BD00E57EDE /* Build configuration list for PBXNativeTarget "demoskratos" */ = {
			isa = XCConfigurationList;
			buildConfigurations = (
				BE9F5C6129F9C3BD00E57EDE /* Debug */,
				BE9F5C6229F9C3BD00E57EDE /* Release */,
			);
			defaultConfigurationIsVisible = 0;
			defaultConfigurationName = Release;
		};
/* End XCConfigurationList section */
	};
	rootObject = BE9F5C4A29F9C3BB00E57EDE /* Project object */;
}
