// !$*UTF8*$!
{
	archiveVersion = 1;
	classes = {
	};
	objectVersion = 56;
	objects = {

/* Begin PBXBuildFile section */
		BE013C4C2AE6164A0084216D /* RepresentativeCell.swift in Sources */ = {isa = PBXBuildFile; fileRef = BE013C4B2AE6164A0084216D /* RepresentativeCell.swift */; };
		BE1B27972ADB448100ACE9E0 /* RepresentativeBio.swift in Sources */ = {isa = PBXBuildFile; fileRef = BE1B27962ADB448100ACE9E0 /* RepresentativeBio.swift */; };
		BE24F1BA2A3E9D92007811B7 /* FeedViewModel.swift in Sources */ = {isa = PBXBuildFile; fileRef = BE24F1B92A3E9D92007811B7 /* FeedViewModel.swift */; };
		BE24F1BC2A3EA7D8007811B7 /* Vote.swift in Sources */ = {isa = PBXBuildFile; fileRef = BE24F1BB2A3EA7D8007811B7 /* Vote.swift */; };
		BE3E3CD22B857859008E9D3C /* WatchLiveView.swift in Sources */ = {isa = PBXBuildFile; fileRef = BE3E3CD12B857859008E9D3C /* WatchLiveView.swift */; };
		BE4141732AAEADFA00B51850 /* RegistrationAddress.swift in Sources */ = {isa = PBXBuildFile; fileRef = BE4141722AAEADFA00B51850 /* RegistrationAddress.swift */; };
		BE4141752AB15F6D00B51850 /* RegistrationCredentials.swift in Sources */ = {isa = PBXBuildFile; fileRef = BE4141742AB15F6D00B51850 /* RegistrationCredentials.swift */; };
		BE4141772AB5446400B51850 /* Official.swift in Sources */ = {isa = PBXBuildFile; fileRef = BE4141762AB5446400B51850 /* Official.swift */; };
		BE494E1B2AF7EC3C00D315CE /* Votes.swift in Sources */ = {isa = PBXBuildFile; fileRef = BE494E1A2AF7EC3B00D315CE /* Votes.swift */; };
		BE4E13E42A1F1488005E2986 /* MapView.swift in Sources */ = {isa = PBXBuildFile; fileRef = BE4E13E32A1F1488005E2986 /* MapView.swift */; };
		BE55AC192A3247FF00682547 /* User.swift in Sources */ = {isa = PBXBuildFile; fileRef = BE55AC182A3247FF00682547 /* User.swift */; };
		BE5F19EA2AE3653E009ABBF1 /* SearchViewModel.swift in Sources */ = {isa = PBXBuildFile; fileRef = BE5F19E92AE3653E009ABBF1 /* SearchViewModel.swift */; };
		BE694D2B2A2195C500AA9D4C /* RepresentativeProfile.swift in Sources */ = {isa = PBXBuildFile; fileRef = BE694D2A2A2195C500AA9D4C /* RepresentativeProfile.swift */; };
		BE694D2D2A22577600AA9D4C /* CircleImage.swift in Sources */ = {isa = PBXBuildFile; fileRef = BE694D2C2A22577600AA9D4C /* CircleImage.swift */; };
		BE7655C12AD5F3B200CFCD95 /* Search.swift in Sources */ = {isa = PBXBuildFile; fileRef = BE7655C02AD5F3B200CFCD95 /* Search.swift */; };
		BE8439F02A3D6DCD00258FBB /* Representative.swift in Sources */ = {isa = PBXBuildFile; fileRef = BE8439EF2A3D6DCD00258FBB /* Representative.swift */; };
		BE850EA52B2EC4F600CB63E8 /* GoogleService-Info.plist in Resources */ = {isa = PBXBuildFile; fileRef = BE850EA42B2EC4F600CB63E8 /* GoogleService-Info.plist */; };
		BE92841D2A40EA9E00E0CFD5 /* RepProfileViewModel.swift in Sources */ = {isa = PBXBuildFile; fileRef = BE92841C2A40EA9E00E0CFD5 /* RepProfileViewModel.swift */; };
		BE9F5C5629F9C3BB00E57EDE /* demoskratosApp.swift in Sources */ = {isa = PBXBuildFile; fileRef = BE9F5C5529F9C3BB00E57EDE /* demoskratosApp.swift */; };
		BE9F5C5829F9C3BB00E57EDE /* ContentView.swift in Sources */ = {isa = PBXBuildFile; fileRef = BE9F5C5729F9C3BB00E57EDE /* ContentView.swift */; };
		BE9F5C5A29F9C3BD00E57EDE /* Assets.xcassets in Resources */ = {isa = PBXBuildFile; fileRef = BE9F5C5929F9C3BD00E57EDE /* Assets.xcassets */; };
		BE9F5C5D29F9C3BD00E57EDE /* Preview Assets.xcassets in Resources */ = {isa = PBXBuildFile; fileRef = BE9F5C5C29F9C3BD00E57EDE /* Preview Assets.xcassets */; };
		BEA9ABDD2B0457B100AD5306 /* Activities.swift in Sources */ = {isa = PBXBuildFile; fileRef = BEA9ABDC2B0457B100AD5306 /* Activities.swift */; };
		BEA9ABDF2B04581D00AD5306 /* Activity.swift in Sources */ = {isa = PBXBuildFile; fileRef = BEA9ABDE2B04581D00AD5306 /* Activity.swift */; };
		BEAC1B5F2A254E1C00C8FBB2 /* RecentVotesRow.swift in Sources */ = {isa = PBXBuildFile; fileRef = BEAC1B5E2A254E1C00C8FBB2 /* RecentVotesRow.swift */; };
		BEAE85372BA116F300B19B37 /* WebView.swift in Sources */ = {isa = PBXBuildFile; fileRef = BEAE85362BA116F300B19B37 /* WebView.swift */; };
		BEBF28B32A2F80A700390E90 /* Login.swift in Sources */ = {isa = PBXBuildFile; fileRef = BEBF28B22A2F80A700390E90 /* Login.swift */; };
		BEBF28C02A2FD3EE00390E90 /* FirebaseAuth in Frameworks */ = {isa = PBXBuildFile; productRef = BEBF28BF2A2FD3EE00390E90 /* FirebaseAuth */; };
		BEBF28C22A2FD3EE00390E90 /* FirebaseFirestore in Frameworks */ = {isa = PBXBuildFile; productRef = BEBF28C12A2FD3EE00390E90 /* FirebaseFirestore */; };
		BEBF28C42A2FD3EE00390E90 /* FirebaseFirestoreSwift in Frameworks */ = {isa = PBXBuildFile; productRef = BEBF28C32A2FD3EE00390E90 /* FirebaseFirestoreSwift */; };
		BEBF28C62A2FD3EE00390E90 /* FirebaseStorage in Frameworks */ = {isa = PBXBuildFile; productRef = BEBF28C52A2FD3EE00390E90 /* FirebaseStorage */; };
		BEBF28C92A30196500390E90 /* AuthViewModel.swift in Sources */ = {isa = PBXBuildFile; fileRef = BEBF28C82A30196500390E90 /* AuthViewModel.swift */; };
		BEC974252A0F1A0B00BFE62C /* FeedRow.swift in Sources */ = {isa = PBXBuildFile; fileRef = BEC974242A0F1A0B00BFE62C /* FeedRow.swift */; };
		BEC974292A0FFA5700BFE62C /* Feed.swift in Sources */ = {isa = PBXBuildFile; fileRef = BEC974282A0FFA5700BFE62C /* Feed.swift */; };
		BEC9742B2A101F7300BFE62C /* FeedRowButtons.swift in Sources */ = {isa = PBXBuildFile; fileRef = BEC9742A2A101F7300BFE62C /* FeedRowButtons.swift */; };
		BEC9742E2A1AB4A900BFE62C /* map.json in Resources */ = {isa = PBXBuildFile; fileRef = BEC9742D2A1AB4A900BFE62C /* map.json */; };
		BED5226A2BD02ED4001975A4 /* LoadingView.swift in Sources */ = {isa = PBXBuildFile; fileRef = BED522692BD02ED4001975A4 /* LoadingView.swift */; };
		BEFF09962A2B98E700A36FB3 /* Landing.swift in Sources */ = {isa = PBXBuildFile; fileRef = BEFF09952A2B98E700A36FB3 /* Landing.swift */; };
		BEFF09982A2D903E00A36FB3 /* Registration.swift in Sources */ = {isa = PBXBuildFile; fileRef = BEFF09972A2D903E00A36FB3 /* Registration.swift */; };
		BEFF099A2A2EDA7400A36FB3 /* CustomInputField.swift in Sources */ = {isa = PBXBuildFile; fileRef = BEFF09992A2EDA7400A36FB3 /* CustomInputField.swift */; };
/* End PBXBuildFile section */

/* Begin PBXFileReference section */
		BE013C4B2AE6164A0084216D /* RepresentativeCell.swift */ = {isa = PBXFileReference; lastKnownFileType = sourcecode.swift; path = RepresentativeCell.swift; sourceTree = "<group>"; };
		BE1B27962ADB448100ACE9E0 /* RepresentativeBio.swift */ = {isa = PBXFileReference; lastKnownFileType = sourcecode.swift; path = RepresentativeBio.swift; sourceTree = "<group>"; };
		BE24F1B92A3E9D92007811B7 /* FeedViewModel.swift */ = {isa = PBXFileReference; lastKnownFileType = sourcecode.swift; path = FeedViewModel.swift; sourceTree = "<group>"; };
		BE24F1BB2A3EA7D8007811B7 /* Vote.swift */ = {isa = PBXFileReference; lastKnownFileType = sourcecode.swift; path = Vote.swift; sourceTree = "<group>"; };
		BE3E3CD12B857859008E9D3C /* WatchLiveView.swift */ = {isa = PBXFileReference; lastKnownFileType = sourcecode.swift; path = WatchLiveView.swift; sourceTree = "<group>"; };
		BE4141722AAEADFA00B51850 /* RegistrationAddress.swift */ = {isa = PBXFileReference; lastKnownFileType = sourcecode.swift; path = RegistrationAddress.swift; sourceTree = "<group>"; };
		BE4141742AB15F6D00B51850 /* RegistrationCredentials.swift */ = {isa = PBXFileReference; lastKnownFileType = sourcecode.swift; path = RegistrationCredentials.swift; sourceTree = "<group>"; };
		BE4141762AB5446400B51850 /* Official.swift */ = {isa = PBXFileReference; lastKnownFileType = sourcecode.swift; path = Official.swift; sourceTree = "<group>"; };
		BE494E1A2AF7EC3B00D315CE /* Votes.swift */ = {isa = PBXFileReference; lastKnownFileType = sourcecode.swift; path = Votes.swift; sourceTree = "<group>"; };
		BE4E13E32A1F1488005E2986 /* MapView.swift */ = {isa = PBXFileReference; lastKnownFileType = sourcecode.swift; path = MapView.swift; sourceTree = "<group>"; };
		BE55AC182A3247FF00682547 /* User.swift */ = {isa = PBXFileReference; lastKnownFileType = sourcecode.swift; path = User.swift; sourceTree = "<group>"; };
		BE5F19E92AE3653E009ABBF1 /* SearchViewModel.swift */ = {isa = PBXFileReference; lastKnownFileType = sourcecode.swift; path = SearchViewModel.swift; sourceTree = "<group>"; };
		BE694D2A2A2195C500AA9D4C /* RepresentativeProfile.swift */ = {isa = PBXFileReference; lastKnownFileType = sourcecode.swift; path = RepresentativeProfile.swift; sourceTree = "<group>"; };
		BE694D2C2A22577600AA9D4C /* CircleImage.swift */ = {isa = PBXFileReference; lastKnownFileType = sourcecode.swift; path = CircleImage.swift; sourceTree = "<group>"; };
		BE7655C02AD5F3B200CFCD95 /* Search.swift */ = {isa = PBXFileReference; lastKnownFileType = sourcecode.swift; path = Search.swift; sourceTree = "<group>"; };
		BE8439EF2A3D6DCD00258FBB /* Representative.swift */ = {isa = PBXFileReference; lastKnownFileType = sourcecode.swift; path = Representative.swift; sourceTree = "<group>"; };
		BE850EA42B2EC4F600CB63E8 /* GoogleService-Info.plist */ = {isa = PBXFileReference; fileEncoding = 4; lastKnownFileType = text.plist.xml; path = "GoogleService-Info.plist"; sourceTree = "<group>"; };
		BE92841C2A40EA9E00E0CFD5 /* RepProfileViewModel.swift */ = {isa = PBXFileReference; lastKnownFileType = sourcecode.swift; path = RepProfileViewModel.swift; sourceTree = "<group>"; };
		BE9F5C5229F9C3BB00E57EDE /* DemosKratos.app */ = {isa = PBXFileReference; explicitFileType = wrapper.application; includeInIndex = 0; path = DemosKratos.app; sourceTree = BUILT_PRODUCTS_DIR; };
		BE9F5C5529F9C3BB00E57EDE /* demoskratosApp.swift */ = {isa = PBXFileReference; lastKnownFileType = sourcecode.swift; path = demoskratosApp.swift; sourceTree = "<group>"; };
		BE9F5C5729F9C3BB00E57EDE /* ContentView.swift */ = {isa = PBXFileReference; lastKnownFileType = sourcecode.swift; path = ContentView.swift; sourceTree = "<group>"; };
		BE9F5C5929F9C3BD00E57EDE /* Assets.xcassets */ = {isa = PBXFileReference; lastKnownFileType = folder.assetcatalog; path = Assets.xcassets; sourceTree = "<group>"; };
		BE9F5C5C29F9C3BD00E57EDE /* Preview Assets.xcassets */ = {isa = PBXFileReference; lastKnownFileType = folder.assetcatalog; path = "Preview Assets.xcassets"; sourceTree = "<group>"; };
		BEA9ABDC2B0457B100AD5306 /* Activities.swift */ = {isa = PBXFileReference; lastKnownFileType = sourcecode.swift; path = Activities.swift; sourceTree = "<group>"; };
		BEA9ABDE2B04581D00AD5306 /* Activity.swift */ = {isa = PBXFileReference; lastKnownFileType = sourcecode.swift; path = Activity.swift; sourceTree = "<group>"; };
		BEAC1B5E2A254E1C00C8FBB2 /* RecentVotesRow.swift */ = {isa = PBXFileReference; lastKnownFileType = sourcecode.swift; path = RecentVotesRow.swift; sourceTree = "<group>"; };
		BEAE85362BA116F300B19B37 /* WebView.swift */ = {isa = PBXFileReference; lastKnownFileType = sourcecode.swift; path = WebView.swift; sourceTree = "<group>"; };
		BEBF28B22A2F80A700390E90 /* Login.swift */ = {isa = PBXFileReference; lastKnownFileType = sourcecode.swift; path = Login.swift; sourceTree = "<group>"; };
		BEBF28C82A30196500390E90 /* AuthViewModel.swift */ = {isa = PBXFileReference; lastKnownFileType = sourcecode.swift; path = AuthViewModel.swift; sourceTree = "<group>"; };
		BEC974242A0F1A0B00BFE62C /* FeedRow.swift */ = {isa = PBXFileReference; lastKnownFileType = sourcecode.swift; path = FeedRow.swift; sourceTree = "<group>"; };
		BEC974282A0FFA5700BFE62C /* Feed.swift */ = {isa = PBXFileReference; lastKnownFileType = sourcecode.swift; path = Feed.swift; sourceTree = "<group>"; };
		BEC9742A2A101F7300BFE62C /* FeedRowButtons.swift */ = {isa = PBXFileReference; lastKnownFileType = sourcecode.swift; path = FeedRowButtons.swift; sourceTree = "<group>"; };
		BEC9742D2A1AB4A900BFE62C /* map.json */ = {isa = PBXFileReference; lastKnownFileType = text.json; path = map.json; sourceTree = "<group>"; };
		BED522692BD02ED4001975A4 /* LoadingView.swift */ = {isa = PBXFileReference; lastKnownFileType = sourcecode.swift; name = LoadingView.swift; path = DemosKratos/Core/Helpers/LoadingView.swift; sourceTree = SOURCE_ROOT; };
		BEFF09952A2B98E700A36FB3 /* Landing.swift */ = {isa = PBXFileReference; lastKnownFileType = sourcecode.swift; path = Landing.swift; sourceTree = "<group>"; };
		BEFF09972A2D903E00A36FB3 /* Registration.swift */ = {isa = PBXFileReference; lastKnownFileType = sourcecode.swift; path = Registration.swift; sourceTree = "<group>"; };
		BEFF09992A2EDA7400A36FB3 /* CustomInputField.swift */ = {isa = PBXFileReference; lastKnownFileType = sourcecode.swift; path = CustomInputField.swift; sourceTree = "<group>"; };
/* End PBXFileReference section */

/* Begin PBXFrameworksBuildPhase section */
		BE9F5C4F29F9C3BB00E57EDE /* Frameworks */ = {
			isa = PBXFrameworksBuildPhase;
			buildActionMask = 2147483647;
			files = (
				BEBF28C02A2FD3EE00390E90 /* FirebaseAuth in Frameworks */,
				BEBF28C62A2FD3EE00390E90 /* FirebaseStorage in Frameworks */,
				BEBF28C22A2FD3EE00390E90 /* FirebaseFirestore in Frameworks */,
				BEBF28C42A2FD3EE00390E90 /* FirebaseFirestoreSwift in Frameworks */,
			);
			runOnlyForDeploymentPostprocessing = 0;
		};
/* End PBXFrameworksBuildPhase section */

/* Begin PBXGroup section */
		BE3E3CD02B85782E008E9D3C /* Video */ = {
			isa = PBXGroup;
			children = (
				BE3E3CD12B857859008E9D3C /* WatchLiveView.swift */,
			);
			path = Video;
			sourceTree = "<group>";
		};
		BE694D292A2194AC00AA9D4C /* Profile */ = {
			isa = PBXGroup;
			children = (
				BECD35FC2BCCB65E006A6C0A /* View */,
				BECD35FD2BCCB662006A6C0A /* ViewModel */,
			);
			path = Profile;
			sourceTree = "<group>";
		};
		BE7655BF2AD5F37200CFCD95 /* Search */ = {
			isa = PBXGroup;
			children = (
				BECD35FA2BCCB631006A6C0A /* View */,
				BECD35FB2BCCB636006A6C0A /* ViewModel */,
			);
			path = Search;
			sourceTree = "<group>";
		};
		BE9F5C4929F9C3BB00E57EDE = {
			isa = PBXGroup;
			children = (
				BE9F5C5429F9C3BB00E57EDE /* demoskratos */,
				BE9F5C5329F9C3BB00E57EDE /* Products */,
			);
			sourceTree = "<group>";
		};
		BE9F5C5329F9C3BB00E57EDE /* Products */ = {
			isa = PBXGroup;
			children = (
				BE9F5C5229F9C3BB00E57EDE /* DemosKratos.app */,
			);
			name = Products;
			sourceTree = "<group>";
		};
		BE9F5C5429F9C3BB00E57EDE /* demoskratos */ = {
			isa = PBXGroup;
			children = (
				BECD35F92BCCB5FB006A6C0A /* App */,
				BEC974262A0FF96F00BFE62C /* Core */,
				BEC974322A1AE1D800BFE62C /* Models */,
				BEC9742C2A1AB44500BFE62C /* Resources */,
				BE850EA42B2EC4F600CB63E8 /* GoogleService-Info.plist */,
				BE9F5C5929F9C3BD00E57EDE /* Assets.xcassets */,
				BE9F5C5B29F9C3BD00E57EDE /* Preview Content */,
			);
			path = demoskratos;
			sourceTree = "<group>";
		};
		BE9F5C5B29F9C3BD00E57EDE /* Preview Content */ = {
			isa = PBXGroup;
			children = (
				BE9F5C5C29F9C3BD00E57EDE /* Preview Assets.xcassets */,
			);
			path = "Preview Content";
			sourceTree = "<group>";
		};
		BEBA3BA82A2AF7D800CD1981 /* Authentication */ = {
			isa = PBXGroup;
			children = (
				BECD35F62BCCAE44006A6C0A /* View */,
				BECD35F72BCCAE4A006A6C0A /* ViewModel */,
			);
			path = Authentication;
			sourceTree = "<group>";
		};
		BEC974262A0FF96F00BFE62C /* Core */ = {
			isa = PBXGroup;
			children = (
				BEBA3BA82A2AF7D800CD1981 /* Authentication */,
				BEC974272A0FF9A600BFE62C /* Feed */,
				BE7655BF2AD5F37200CFCD95 /* Search */,
				BE694D292A2194AC00AA9D4C /* Profile */,
				BECD35F82BCCB5E3006A6C0A /* Root */,
				BE3E3CD02B85782E008E9D3C /* Video */,
				BEC9742F2A1ADF7900BFE62C /* Helpers */,
			);
			path = Core;
			sourceTree = "<group>";
		};
		BEC974272A0FF9A600BFE62C /* Feed */ = {
			isa = PBXGroup;
			children = (
				BECD35F42BCC6D61006A6C0A /* View */,
				BECD35F52BCC6D66006A6C0A /* ViewModel */,
			);
			path = Feed;
			sourceTree = "<group>";
		};
		BEC9742C2A1AB44500BFE62C /* Resources */ = {
			isa = PBXGroup;
			children = (
				BEC9742D2A1AB4A900BFE62C /* map.json */,
			);
			path = Resources;
			sourceTree = "<group>";
		};
		BEC9742F2A1ADF7900BFE62C /* Helpers */ = {
			isa = PBXGroup;
			children = (
				BE694D2C2A22577600AA9D4C /* CircleImage.swift */,
				BE4E13E32A1F1488005E2986 /* MapView.swift */,
				BEFF09992A2EDA7400A36FB3 /* CustomInputField.swift */,
				BEAE85362BA116F300B19B37 /* WebView.swift */,
				BED522692BD02ED4001975A4 /* LoadingView.swift */,
			);
			path = Helpers;
			sourceTree = "<group>";
		};
		BEC974322A1AE1D800BFE62C /* Models */ = {
			isa = PBXGroup;
			children = (
				BE55AC182A3247FF00682547 /* User.swift */,
				BE8439EF2A3D6DCD00258FBB /* Representative.swift */,
				BE24F1BB2A3EA7D8007811B7 /* Vote.swift */,
				BE4141762AB5446400B51850 /* Official.swift */,
				BE494E1A2AF7EC3B00D315CE /* Votes.swift */,
				BEA9ABDC2B0457B100AD5306 /* Activities.swift */,
				BEA9ABDE2B04581D00AD5306 /* Activity.swift */,
			);
			path = Models;
			sourceTree = "<group>";
		};
		BECD35F42BCC6D61006A6C0A /* View */ = {
			isa = PBXGroup;
			children = (
				BEC974282A0FFA5700BFE62C /* Feed.swift */,
				BEC974242A0F1A0B00BFE62C /* FeedRow.swift */,
				BEC9742A2A101F7300BFE62C /* FeedRowButtons.swift */,
			);
			path = View;
			sourceTree = "<group>";
		};
		BECD35F52BCC6D66006A6C0A /* ViewModel */ = {
			isa = PBXGroup;
			children = (
				BE24F1B92A3E9D92007811B7 /* FeedViewModel.swift */,
			);
			path = ViewModel;
			sourceTree = "<group>";
		};
		BECD35F62BCCAE44006A6C0A /* View */ = {
			isa = PBXGroup;
			children = (
				BEFF09952A2B98E700A36FB3 /* Landing.swift */,
				BEBF28B22A2F80A700390E90 /* Login.swift */,
				BEFF09972A2D903E00A36FB3 /* Registration.swift */,
				BE4141722AAEADFA00B51850 /* RegistrationAddress.swift */,
				BE4141742AB15F6D00B51850 /* RegistrationCredentials.swift */,
			);
			path = View;
			sourceTree = "<group>";
		};
		BECD35F72BCCAE4A006A6C0A /* ViewModel */ = {
			isa = PBXGroup;
			children = (
				BEBF28C82A30196500390E90 /* AuthViewModel.swift */,
			);
			path = ViewModel;
			sourceTree = "<group>";
		};
		BECD35F82BCCB5E3006A6C0A /* Root */ = {
			isa = PBXGroup;
			children = (
				BE9F5C5729F9C3BB00E57EDE /* ContentView.swift */,
			);
			path = Root;
			sourceTree = "<group>";
		};
		BECD35F92BCCB5FB006A6C0A /* App */ = {
			isa = PBXGroup;
			children = (
				BE9F5C5529F9C3BB00E57EDE /* demoskratosApp.swift */,
			);
			path = App;
			sourceTree = "<group>";
		};
		BECD35FA2BCCB631006A6C0A /* View */ = {
			isa = PBXGroup;
			children = (
				BE7655C02AD5F3B200CFCD95 /* Search.swift */,
				BE013C4B2AE6164A0084216D /* RepresentativeCell.swift */,
			);
			path = View;
			sourceTree = "<group>";
		};
		BECD35FB2BCCB636006A6C0A /* ViewModel */ = {
			isa = PBXGroup;
			children = (
				BE5F19E92AE3653E009ABBF1 /* SearchViewModel.swift */,
			);
			path = ViewModel;
			sourceTree = "<group>";
		};
		BECD35FC2BCCB65E006A6C0A /* View */ = {
			isa = PBXGroup;
			children = (
				BE694D2A2A2195C500AA9D4C /* RepresentativeProfile.swift */,
				BEAC1B5E2A254E1C00C8FBB2 /* RecentVotesRow.swift */,
				BE1B27962ADB448100ACE9E0 /* RepresentativeBio.swift */,
			);
			path = View;
			sourceTree = "<group>";
		};
		BECD35FD2BCCB662006A6C0A /* ViewModel */ = {
			isa = PBXGroup;
			children = (
				BE92841C2A40EA9E00E0CFD5 /* RepProfileViewModel.swift */,
			);
			path = ViewModel;
			sourceTree = "<group>";
		};
/* End PBXGroup section */

/* Begin PBXNativeTarget section */
		BE9F5C5129F9C3BB00E57EDE /* DemosKratos */ = {
			isa = PBXNativeTarget;
			buildConfigurationList = BE9F5C6029F9C3BD00E57EDE /* Build configuration list for PBXNativeTarget "DemosKratos" */;
			buildPhases = (
				BE9F5C4E29F9C3BB00E57EDE /* Sources */,
				BE9F5C4F29F9C3BB00E57EDE /* Frameworks */,
				BE9F5C5029F9C3BB00E57EDE /* Resources */,
			);
			buildRules = (
			);
			dependencies = (
			);
			name = DemosKratos;
			packageProductDependencies = (
				BEBF28BF2A2FD3EE00390E90 /* FirebaseAuth */,
				BEBF28C12A2FD3EE00390E90 /* FirebaseFirestore */,
				BEBF28C32A2FD3EE00390E90 /* FirebaseFirestoreSwift */,
				BEBF28C52A2FD3EE00390E90 /* FirebaseStorage */,
			);
			productName = demoskratos;
			productReference = BE9F5C5229F9C3BB00E57EDE /* DemosKratos.app */;
			productType = "com.apple.product-type.application";
		};
/* End PBXNativeTarget section */

/* Begin PBXProject section */
		BE9F5C4A29F9C3BB00E57EDE /* Project object */ = {
			isa = PBXProject;
			attributes = {
				BuildIndependentTargetsInParallel = 1;
				LastSwiftUpdateCheck = 1430;
				LastUpgradeCheck = 1530;
				TargetAttributes = {
					BE9F5C5129F9C3BB00E57EDE = {
						CreatedOnToolsVersion = 14.3;
					};
				};
			};
			buildConfigurationList = BE9F5C4D29F9C3BB00E57EDE /* Build configuration list for PBXProject "DemosKratos" */;
			compatibilityVersion = "Xcode 14.0";
			developmentRegion = en;
			hasScannedForEncodings = 0;
			knownRegions = (
				en,
				Base,
			);
			mainGroup = BE9F5C4929F9C3BB00E57EDE;
			packageReferences = (
				BEBF28BE2A2FD3EE00390E90 /* XCRemoteSwiftPackageReference "firebase-ios-sdk" */,
			);
			productRefGroup = BE9F5C5329F9C3BB00E57EDE /* Products */;
			projectDirPath = "";
			projectRoot = "";
			targets = (
				BE9F5C5129F9C3BB00E57EDE /* DemosKratos */,
			);
		};
/* End PBXProject section */

/* Begin PBXResourcesBuildPhase section */
		BE9F5C5029F9C3BB00E57EDE /* Resources */ = {
			isa = PBXResourcesBuildPhase;
			buildActionMask = 2147483647;
			files = (
				BE9F5C5D29F9C3BD00E57EDE /* Preview Assets.xcassets in Resources */,
				BE850EA52B2EC4F600CB63E8 /* GoogleService-Info.plist in Resources */,
				BE9F5C5A29F9C3BD00E57EDE /* Assets.xcassets in Resources */,
				BEC9742E2A1AB4A900BFE62C /* map.json in Resources */,
			);
			runOnlyForDeploymentPostprocessing = 0;
		};
/* End PBXResourcesBuildPhase section */

/* Begin PBXSourcesBuildPhase section */
		BE9F5C4E29F9C3BB00E57EDE /* Sources */ = {
			isa = PBXSourcesBuildPhase;
			buildActionMask = 2147483647;
			files = (
				BEA9ABDD2B0457B100AD5306 /* Activities.swift in Sources */,
				BE9F5C5829F9C3BB00E57EDE /* ContentView.swift in Sources */,
				BE694D2D2A22577600AA9D4C /* CircleImage.swift in Sources */,
				BE4E13E42A1F1488005E2986 /* MapView.swift in Sources */,
				BEFF09962A2B98E700A36FB3 /* Landing.swift in Sources */,
				BED5226A2BD02ED4001975A4 /* LoadingView.swift in Sources */,
				BEAE85372BA116F300B19B37 /* WebView.swift in Sources */,
				BE55AC192A3247FF00682547 /* User.swift in Sources */,
				BE4141752AB15F6D00B51850 /* RegistrationCredentials.swift in Sources */,
				BEFF09982A2D903E00A36FB3 /* Registration.swift in Sources */,
				BEA9ABDF2B04581D00AD5306 /* Activity.swift in Sources */,
				BE8439F02A3D6DCD00258FBB /* Representative.swift in Sources */,
				BE694D2B2A2195C500AA9D4C /* RepresentativeProfile.swift in Sources */,
				BE24F1BA2A3E9D92007811B7 /* FeedViewModel.swift in Sources */,
				BEC974292A0FFA5700BFE62C /* Feed.swift in Sources */,
				BE494E1B2AF7EC3C00D315CE /* Votes.swift in Sources */,
				BE4141732AAEADFA00B51850 /* RegistrationAddress.swift in Sources */,
				BEBF28B32A2F80A700390E90 /* Login.swift in Sources */,
				BE7655C12AD5F3B200CFCD95 /* Search.swift in Sources */,
				BEBF28C92A30196500390E90 /* AuthViewModel.swift in Sources */,
				BE92841D2A40EA9E00E0CFD5 /* RepProfileViewModel.swift in Sources */,
				BE5F19EA2AE3653E009ABBF1 /* SearchViewModel.swift in Sources */,
				BE3E3CD22B857859008E9D3C /* WatchLiveView.swift in Sources */,
				BE9F5C5629F9C3BB00E57EDE /* demoskratosApp.swift in Sources */,
				BEC974252A0F1A0B00BFE62C /* FeedRow.swift in Sources */,
				BE1B27972ADB448100ACE9E0 /* RepresentativeBio.swift in Sources */,
				BEC9742B2A101F7300BFE62C /* FeedRowButtons.swift in Sources */,
				BE4141772AB5446400B51850 /* Official.swift in Sources */,
				BE24F1BC2A3EA7D8007811B7 /* Vote.swift in Sources */,
				BE013C4C2AE6164A0084216D /* RepresentativeCell.swift in Sources */,
				BEAC1B5F2A254E1C00C8FBB2 /* RecentVotesRow.swift in Sources */,
				BEFF099A2A2EDA7400A36FB3 /* CustomInputField.swift in Sources */,
			);
			runOnlyForDeploymentPostprocessing = 0;
		};
/* End PBXSourcesBuildPhase section */

/* Begin XCBuildConfiguration section */
		BE9F5C5E29F9C3BD00E57EDE /* Debug */ = {
			isa = XCBuildConfiguration;
			buildSettings = {
				ALWAYS_SEARCH_USER_PATHS = NO;
				ASSETCATALOG_COMPILER_GENERATE_SWIFT_ASSET_SYMBOL_EXTENSIONS = YES;
				CLANG_ANALYZER_NONNULL = YES;
				CLANG_ANALYZER_NUMBER_OBJECT_CONVERSION = YES_AGGRESSIVE;
				CLANG_CXX_LANGUAGE_STANDARD = "gnu++20";
				CLANG_ENABLE_MODULES = YES;
				CLANG_ENABLE_OBJC_ARC = YES;
				CLANG_ENABLE_OBJC_WEAK = YES;
				CLANG_WARN_BLOCK_CAPTURE_AUTORELEASING = YES;
				CLANG_WARN_BOOL_CONVERSION = YES;
				CLANG_WARN_COMMA = YES;
				CLANG_WARN_CONSTANT_CONVERSION = YES;
				CLANG_WARN_DEPRECATED_OBJC_IMPLEMENTATIONS = YES;
				CLANG_WARN_DIRECT_OBJC_ISA_USAGE = YES_ERROR;
				CLANG_WARN_DOCUMENTATION_COMMENTS = YES;
				CLANG_WARN_EMPTY_BODY = YES;
				CLANG_WARN_ENUM_CONVERSION = YES;
				CLANG_WARN_INFINITE_RECURSION = YES;
				CLANG_WARN_INT_CONVERSION = YES;
				CLANG_WARN_NON_LITERAL_NULL_CONVERSION = YES;
				CLANG_WARN_OBJC_IMPLICIT_RETAIN_SELF = YES;
				CLANG_WARN_OBJC_LITERAL_CONVERSION = YES;
				CLANG_WARN_OBJC_ROOT_CLASS = YES_ERROR;
				CLANG_WARN_QUOTED_INCLUDE_IN_FRAMEWORK_HEADER = YES;
				CLANG_WARN_RANGE_LOOP_ANALYSIS = YES;
				CLANG_WARN_STRICT_PROTOTYPES = YES;
				CLANG_WARN_SUSPICIOUS_MOVE = YES;
				CLANG_WARN_UNGUARDED_AVAILABILITY = YES_AGGRESSIVE;
				CLANG_WARN_UNREACHABLE_CODE = YES;
				CLANG_WARN__DUPLICATE_METHOD_MATCH = YES;
				COPY_PHASE_STRIP = NO;
				DEBUG_INFORMATION_FORMAT = dwarf;
				ENABLE_STRICT_OBJC_MSGSEND = YES;
				ENABLE_TESTABILITY = YES;
				ENABLE_USER_SCRIPT_SANDBOXING = YES;
				GCC_C_LANGUAGE_STANDARD = gnu11;
				GCC_DYNAMIC_NO_PIC = NO;
				GCC_NO_COMMON_BLOCKS = YES;
				GCC_OPTIMIZATION_LEVEL = 0;
				GCC_PREPROCESSOR_DEFINITIONS = (
					"DEBUG=1",
					"$(inherited)",
				);
				GCC_WARN_64_TO_32_BIT_CONVERSION = YES;
				GCC_WARN_ABOUT_RETURN_TYPE = YES_ERROR;
				GCC_WARN_UNDECLARED_SELECTOR = YES;
				GCC_WARN_UNINITIALIZED_AUTOS = YES_AGGRESSIVE;
				GCC_WARN_UNUSED_FUNCTION = YES;
				GCC_WARN_UNUSED_VARIABLE = YES;
				IPHONEOS_DEPLOYMENT_TARGET = 16.4;
				MTL_ENABLE_DEBUG_INFO = INCLUDE_SOURCE;
				MTL_FAST_MATH = YES;
				ONLY_ACTIVE_ARCH = YES;
				SDKROOT = iphoneos;
				SWIFT_ACTIVE_COMPILATION_CONDITIONS = DEBUG;
				SWIFT_OPTIMIZATION_LEVEL = "-Onone";
			};
			name = Debug;
		};
		BE9F5C5F29F9C3BD00E57EDE /* Release */ = {
			isa = XCBuildConfiguration;
			buildSettings = {
				ALWAYS_SEARCH_USER_PATHS = NO;
				ASSETCATALOG_COMPILER_GENERATE_SWIFT_ASSET_SYMBOL_EXTENSIONS = YES;
				CLANG_ANALYZER_NONNULL = YES;
				CLANG_ANALYZER_NUMBER_OBJECT_CONVERSION = YES_AGGRESSIVE;
				CLANG_CXX_LANGUAGE_STANDARD = "gnu++20";
				CLANG_ENABLE_MODULES = YES;
				CLANG_ENABLE_OBJC_ARC = YES;
				CLANG_ENABLE_OBJC_WEAK = YES;
				CLANG_WARN_BLOCK_CAPTURE_AUTORELEASING = YES;
				CLANG_WARN_BOOL_CONVERSION = YES;
				CLANG_WARN_COMMA = YES;
				CLANG_WARN_CONSTANT_CONVERSION = YES;
				CLANG_WARN_DEPRECATED_OBJC_IMPLEMENTATIONS = YES;
				CLANG_WARN_DIRECT_OBJC_ISA_USAGE = YES_ERROR;
				CLANG_WARN_DOCUMENTATION_COMMENTS = YES;
				CLANG_WARN_EMPTY_BODY = YES;
				CLANG_WARN_ENUM_CONVERSION = YES;
				CLANG_WARN_INFINITE_RECURSION = YES;
				CLANG_WARN_INT_CONVERSION = YES;
				CLANG_WARN_NON_LITERAL_NULL_CONVERSION = YES;
				CLANG_WARN_OBJC_IMPLICIT_RETAIN_SELF = YES;
				CLANG_WARN_OBJC_LITERAL_CONVERSION = YES;
				CLANG_WARN_OBJC_ROOT_CLASS = YES_ERROR;
				CLANG_WARN_QUOTED_INCLUDE_IN_FRAMEWORK_HEADER = YES;
				CLANG_WARN_RANGE_LOOP_ANALYSIS = YES;
				CLANG_WARN_STRICT_PROTOTYPES = YES;
				CLANG_WARN_SUSPICIOUS_MOVE = YES;
				CLANG_WARN_UNGUARDED_AVAILABILITY = YES_AGGRESSIVE;
				CLANG_WARN_UNREACHABLE_CODE = YES;
				CLANG_WARN__DUPLICATE_METHOD_MATCH = YES;
				COPY_PHASE_STRIP = NO;
				DEBUG_INFORMATION_FORMAT = "dwarf-with-dsym";
				ENABLE_NS_ASSERTIONS = NO;
				ENABLE_STRICT_OBJC_MSGSEND = YES;
				ENABLE_USER_SCRIPT_SANDBOXING = YES;
				GCC_C_LANGUAGE_STANDARD = gnu11;
				GCC_NO_COMMON_BLOCKS = YES;
				GCC_WARN_64_TO_32_BIT_CONVERSION = YES;
				GCC_WARN_ABOUT_RETURN_TYPE = YES_ERROR;
				GCC_WARN_UNDECLARED_SELECTOR = YES;
				GCC_WARN_UNINITIALIZED_AUTOS = YES_AGGRESSIVE;
				GCC_WARN_UNUSED_FUNCTION = YES;
				GCC_WARN_UNUSED_VARIABLE = YES;
				IPHONEOS_DEPLOYMENT_TARGET = 16.4;
				MTL_ENABLE_DEBUG_INFO = NO;
				MTL_FAST_MATH = YES;
				SDKROOT = iphoneos;
				SWIFT_COMPILATION_MODE = wholemodule;
				SWIFT_OPTIMIZATION_LEVEL = "-O";
				VALIDATE_PRODUCT = YES;
			};
			name = Release;
		};
		BE9F5C6129F9C3BD00E57EDE /* Debug */ = {
			isa = XCBuildConfiguration;
			buildSettings = {
				ASSETCATALOG_COMPILER_APPICON_NAME = AppIcon;
				ASSETCATALOG_COMPILER_GLOBAL_ACCENT_COLOR_NAME = AccentColor;
				CODE_SIGN_IDENTITY = "Apple Development";
				CODE_SIGN_STYLE = Automatic;
				CURRENT_PROJECT_VERSION = 1;
				DEVELOPMENT_ASSET_PATHS = "\"demoskratos/Preview Content\"";
				DEVELOPMENT_TEAM = 324Y82FCZ3;
				ENABLE_PREVIEWS = YES;
				GENERATE_INFOPLIST_FILE = YES;
				INFOPLIST_KEY_CFBundleDisplayName = "Demos Kratos";
				INFOPLIST_KEY_UIApplicationSceneManifest_Generation = YES;
				INFOPLIST_KEY_UIApplicationSupportsIndirectInputEvents = YES;
				INFOPLIST_KEY_UILaunchScreen_Generation = YES;
				INFOPLIST_KEY_UISupportedInterfaceOrientations_iPad = "UIInterfaceOrientationPortrait UIInterfaceOrientationPortraitUpsideDown UIInterfaceOrientationLandscapeLeft UIInterfaceOrientationLandscapeRight";
				INFOPLIST_KEY_UISupportedInterfaceOrientations_iPhone = "UIInterfaceOrientationPortrait UIInterfaceOrientationLandscapeLeft UIInterfaceOrientationLandscapeRight";
				LD_RUNPATH_SEARCH_PATHS = (
					"$(inherited)",
					"@executable_path/Frameworks",
				);
				MARKETING_VERSION = 1.0;
				PRODUCT_BUNDLE_IDENTIFIER = com.josegarcia.Demoskratos;
				PRODUCT_NAME = "$(TARGET_NAME)";
				PROVISIONING_PROFILE_SPECIFIER = "";
				SWIFT_EMIT_LOC_STRINGS = YES;
				SWIFT_VERSION = 5.0;
				TARGETED_DEVICE_FAMILY = "1,2";
			};
			name = Debug;
		};
		BE9F5C6229F9C3BD00E57EDE /* Release */ = {
			isa = XCBuildConfiguration;
			buildSettings = {
				ASSETCATALOG_COMPILER_APPICON_NAME = AppIcon;
				ASSETCATALOG_COMPILER_GLOBAL_ACCENT_COLOR_NAME = AccentColor;
				CODE_SIGN_IDENTITY = "Apple Development";
				CODE_SIGN_STYLE = Automatic;
				CURRENT_PROJECT_VERSION = 1;
				DEVELOPMENT_ASSET_PATHS = "\"demoskratos/Preview Content\"";
				DEVELOPMENT_TEAM = 324Y82FCZ3;
				ENABLE_PREVIEWS = YES;
				GENERATE_INFOPLIST_FILE = YES;
				INFOPLIST_KEY_CFBundleDisplayName = "Demos Kratos";
				INFOPLIST_KEY_UIApplicationSceneManifest_Generation = YES;
				INFOPLIST_KEY_UIApplicationSupportsIndirectInputEvents = YES;
				INFOPLIST_KEY_UILaunchScreen_Generation = YES;
				INFOPLIST_KEY_UISupportedInterfaceOrientations_iPad = "UIInterfaceOrientationPortrait UIInterfaceOrientationPortraitUpsideDown UIInterfaceOrientationLandscapeLeft UIInterfaceOrientationLandscapeRight";
				INFOPLIST_KEY_UISupportedInterfaceOrientations_iPhone = "UIInterfaceOrientationPortrait UIInterfaceOrientationLandscapeLeft UIInterfaceOrientationLandscapeRight";
				LD_RUNPATH_SEARCH_PATHS = (
					"$(inherited)",
					"@executable_path/Frameworks",
				);
				MARKETING_VERSION = 1.0;
				PRODUCT_BUNDLE_IDENTIFIER = com.josegarcia.Demoskratos;
				PRODUCT_NAME = "$(TARGET_NAME)";
				PROVISIONING_PROFILE_SPECIFIER = "";
				SWIFT_EMIT_LOC_STRINGS = YES;
				SWIFT_VERSION = 5.0;
				TARGETED_DEVICE_FAMILY = "1,2";
			};
			name = Release;
		};
/* End XCBuildConfiguration section */

/* Begin XCConfigurationList section */
		BE9F5C4D29F9C3BB00E57EDE /* Build configuration list for PBXProject "DemosKratos" */ = {
			isa = XCConfigurationList;
			buildConfigurations = (
				BE9F5C5E29F9C3BD00E57EDE /* Debug */,
				BE9F5C5F29F9C3BD00E57EDE /* Release */,
			);
			defaultConfigurationIsVisible = 0;
			defaultConfigurationName = Release;
		};
		BE9F5C6029F9C3BD00E57EDE /* Build configuration list for PBXNativeTarget "DemosKratos" */ = {
			isa = XCConfigurationList;
			buildConfigurations = (
				BE9F5C6129F9C3BD00E57EDE /* Debug */,
				BE9F5C6229F9C3BD00E57EDE /* Release */,
			);
			defaultConfigurationIsVisible = 0;
			defaultConfigurationName = Release;
		};
/* End XCConfigurationList section */

/* Begin XCRemoteSwiftPackageReference section */
		BEBF28BE2A2FD3EE00390E90 /* XCRemoteSwiftPackageReference "firebase-ios-sdk" */ = {
			isa = XCRemoteSwiftPackageReference;
			repositoryURL = "https://github.com/firebase/firebase-ios-sdk";
			requirement = {
				kind = upToNextMajorVersion;
				minimumVersion = 10.0.0;
			};
		};
/* End XCRemoteSwiftPackageReference section */

/* Begin XCSwiftPackageProductDependency section */
		BEBF28BF2A2FD3EE00390E90 /* FirebaseAuth */ = {
			isa = XCSwiftPackageProductDependency;
			package = BEBF28BE2A2FD3EE00390E90 /* XCRemoteSwiftPackageReference "firebase-ios-sdk" */;
			productName = FirebaseAuth;
		};
		BEBF28C12A2FD3EE00390E90 /* FirebaseFirestore */ = {
			isa = XCSwiftPackageProductDependency;
			package = BEBF28BE2A2FD3EE00390E90 /* XCRemoteSwiftPackageReference "firebase-ios-sdk" */;
			productName = FirebaseFirestore;
		};
		BEBF28C32A2FD3EE00390E90 /* FirebaseFirestoreSwift */ = {
			isa = XCSwiftPackageProductDependency;
			package = BEBF28BE2A2FD3EE00390E90 /* XCRemoteSwiftPackageReference "firebase-ios-sdk" */;
			productName = FirebaseFirestoreSwift;
		};
		BEBF28C52A2FD3EE00390E90 /* FirebaseStorage */ = {
			isa = XCSwiftPackageProductDependency;
			package = BEBF28BE2A2FD3EE00390E90 /* XCRemoteSwiftPackageReference "firebase-ios-sdk" */;
			productName = FirebaseStorage;
		};
/* End XCSwiftPackageProductDependency section */
	};
	rootObject = BE9F5C4A29F9C3BB00E57EDE /* Project object */;
}
